// !$*UTF8*$!
{
	archiveVersion = 1;
	classes = {
	};
	objectVersion = 50;
	objects = {

/* Begin PBXBuildFile section */
		36E901223CED3DFBC8EFF70D /* Pods_iTunes_Search.framework in Frameworks */ = {isa = PBXBuildFile; fileRef = F606C54317D2323CF2B9F40E /* Pods_iTunes_Search.framework */; };
		A1098B0B221C61F4002E955B /* CourseTableViewCell.swift in Sources */ = {isa = PBXBuildFile; fileRef = A1098B0A221C61F4002E955B /* CourseTableViewCell.swift */; };
		A1098B0D221C6316002E955B /* Course.swift in Sources */ = {isa = PBXBuildFile; fileRef = A1098B0C221C6316002E955B /* Course.swift */; };
		A1098B0F221C6599002E955B /* NetworkManager.swift in Sources */ = {isa = PBXBuildFile; fileRef = A1098B0E221C6599002E955B /* NetworkManager.swift */; };
		A1862551221C55F600745465 /* AppDelegate.swift in Sources */ = {isa = PBXBuildFile; fileRef = A1862550221C55F600745465 /* AppDelegate.swift */; };
		A1862553221C55F600745465 /* SearchViewController.swift in Sources */ = {isa = PBXBuildFile; fileRef = A1862552221C55F600745465 /* SearchViewController.swift */; };
		A1862556221C55F600745465 /* Main.storyboard in Resources */ = {isa = PBXBuildFile; fileRef = A1862554221C55F600745465 /* Main.storyboard */; };
		A1862558221C560100745465 /* Assets.xcassets in Resources */ = {isa = PBXBuildFile; fileRef = A1862557221C560100745465 /* Assets.xcassets */; };
		A186255B221C560100745465 /* LaunchScreen.storyboard in Resources */ = {isa = PBXBuildFile; fileRef = A1862559221C560100745465 /* LaunchScreen.storyboard */; };
/* End PBXBuildFile section */

/* Begin PBXFileReference section */
		489F00563E9E20F539930A59 /* Pods-iTunes Search.debug.xcconfig */ = {isa = PBXFileReference; includeInIndex = 1; lastKnownFileType = text.xcconfig; name = "Pods-iTunes Search.debug.xcconfig"; path = "Pods/Target Support Files/Pods-iTunes Search/Pods-iTunes Search.debug.xcconfig"; sourceTree = "<group>"; };
		A1098B0A221C61F4002E955B /* CourseTableViewCell.swift */ = {isa = PBXFileReference; lastKnownFileType = sourcecode.swift; path = CourseTableViewCell.swift; sourceTree = "<group>"; };
		A1098B0C221C6316002E955B /* Course.swift */ = {isa = PBXFileReference; lastKnownFileType = sourcecode.swift; path = Course.swift; sourceTree = "<group>"; };
		A1098B0E221C6599002E955B /* NetworkManager.swift */ = {isa = PBXFileReference; lastKnownFileType = sourcecode.swift; path = NetworkManager.swift; sourceTree = "<group>"; };
		A186254D221C55F600745465 /* iTunes Search.app */ = {isa = PBXFileReference; explicitFileType = wrapper.application; includeInIndex = 0; path = "iTunes Search.app"; sourceTree = BUILT_PRODUCTS_DIR; };
		A1862550221C55F600745465 /* AppDelegate.swift */ = {isa = PBXFileReference; lastKnownFileType = sourcecode.swift; path = AppDelegate.swift; sourceTree = "<group>"; };
		A1862552221C55F600745465 /* SearchViewController.swift */ = {isa = PBXFileReference; lastKnownFileType = sourcecode.swift; path = SearchViewController.swift; sourceTree = "<group>"; };
		A1862555221C55F600745465 /* Base */ = {isa = PBXFileReference; lastKnownFileType = file.storyboard; name = Base; path = Base.lproj/Main.storyboard; sourceTree = "<group>"; };
		A1862557221C560100745465 /* Assets.xcassets */ = {isa = PBXFileReference; lastKnownFileType = folder.assetcatalog; path = Assets.xcassets; sourceTree = "<group>"; };
		A186255A221C560100745465 /* Base */ = {isa = PBXFileReference; lastKnownFileType = file.storyboard; name = Base; path = Base.lproj/LaunchScreen.storyboard; sourceTree = "<group>"; };
		A186255C221C560100745465 /* Info.plist */ = {isa = PBXFileReference; lastKnownFileType = text.plist.xml; path = Info.plist; sourceTree = "<group>"; };
		EC8EB0D045775A7D5E8672E9 /* Pods-iTunes Search.release.xcconfig */ = {isa = PBXFileReference; includeInIndex = 1; lastKnownFileType = text.xcconfig; name = "Pods-iTunes Search.release.xcconfig"; path = "Pods/Target Support Files/Pods-iTunes Search/Pods-iTunes Search.release.xcconfig"; sourceTree = "<group>"; };
		F606C54317D2323CF2B9F40E /* Pods_iTunes_Search.framework */ = {isa = PBXFileReference; explicitFileType = wrapper.framework; includeInIndex = 0; path = Pods_iTunes_Search.framework; sourceTree = BUILT_PRODUCTS_DIR; };
/* End PBXFileReference section */

/* Begin PBXFrameworksBuildPhase section */
		A186254A221C55F600745465 /* Frameworks */ = {
			isa = PBXFrameworksBuildPhase;
			buildActionMask = 2147483647;
			files = (
				36E901223CED3DFBC8EFF70D /* Pods_iTunes_Search.framework in Frameworks */,
			);
			runOnlyForDeploymentPostprocessing = 0;
		};
/* End PBXFrameworksBuildPhase section */

/* Begin PBXGroup section */
		750A04886E34CA280492FF59 /* Pods */ = {
			isa = PBXGroup;
			children = (
				489F00563E9E20F539930A59 /* Pods-iTunes Search.debug.xcconfig */,
				EC8EB0D045775A7D5E8672E9 /* Pods-iTunes Search.release.xcconfig */,
			);
			name = Pods;
			sourceTree = "<group>";
		};
		A1862544221C55F600745465 = {
			isa = PBXGroup;
			children = (
				A186254F221C55F600745465 /* iTunes Search */,
				A186254E221C55F600745465 /* Products */,
				750A04886E34CA280492FF59 /* Pods */,
				CC3D57ABF4BC99485ACB3025 /* Frameworks */,
			);
			sourceTree = "<group>";
		};
		A186254E221C55F600745465 /* Products */ = {
			isa = PBXGroup;
			children = (
				A186254D221C55F600745465 /* iTunes Search.app */,
			);
			name = Products;
			sourceTree = "<group>";
		};
		A186254F221C55F600745465 /* iTunes Search */ = {
			isa = PBXGroup;
			children = (
				A1862550221C55F600745465 /* AppDelegate.swift */,
				A1862552221C55F600745465 /* SearchViewController.swift */,
				A1862554221C55F600745465 /* Main.storyboard */,
				A1862557221C560100745465 /* Assets.xcassets */,
				A1862559221C560100745465 /* LaunchScreen.storyboard */,
				A186255C221C560100745465 /* Info.plist */,
				A1098B0A221C61F4002E955B /* CourseTableViewCell.swift */,
				A1098B0C221C6316002E955B /* Course.swift */,
				A1098B0E221C6599002E955B /* NetworkManager.swift */,
			);
			path = "iTunes Search";
			sourceTree = "<group>";
		};
		CC3D57ABF4BC99485ACB3025 /* Frameworks */ = {
			isa = PBXGroup;
			children = (
				F606C54317D2323CF2B9F40E /* Pods_iTunes_Search.framework */,
			);
			name = Frameworks;
			sourceTree = "<group>";
		};
/* End PBXGroup section */

/* Begin PBXNativeTarget section */
		A186254C221C55F600745465 /* iTunes Search */ = {
			isa = PBXNativeTarget;
			buildConfigurationList = A186255F221C560100745465 /* Build configuration list for PBXNativeTarget "iTunes Search" */;
			buildPhases = (
				0A265BDD98CE46F37BE4E45F /* [CP] Check Pods Manifest.lock */,
				A1862549221C55F600745465 /* Sources */,
				A186254A221C55F600745465 /* Frameworks */,
				A186254B221C55F600745465 /* Resources */,
				9FC4FC18452C0AC3F8F03EF9 /* [CP] Embed Pods Frameworks */,
			);
			buildRules = (
			);
			dependencies = (
			);
			name = "iTunes Search";
			productName = "iTunes Search";
			productReference = A186254D221C55F600745465 /* iTunes Search.app */;
			productType = "com.apple.product-type.application";
		};
/* End PBXNativeTarget section */

/* Begin PBXProject section */
		A1862545221C55F600745465 /* Project object */ = {
			isa = PBXProject;
			attributes = {
				LastSwiftUpdateCheck = 1010;
				LastUpgradeCheck = 1010;
				ORGANIZATIONNAME = com.devsloop.com;
				TargetAttributes = {
					A186254C221C55F600745465 = {
						CreatedOnToolsVersion = 10.1;
					};
				};
			};
			buildConfigurationList = A1862548221C55F600745465 /* Build configuration list for PBXProject "iTunes Search" */;
			compatibilityVersion = "Xcode 9.3";
			developmentRegion = en;
			hasScannedForEncodings = 0;
			knownRegions = (
				en,
				Base,
			);
			mainGroup = A1862544221C55F600745465;
			productRefGroup = A186254E221C55F600745465 /* Products */;
			projectDirPath = "";
			projectRoot = "";
			targets = (
				A186254C221C55F600745465 /* iTunes Search */,
			);
		};
/* End PBXProject section */

/* Begin PBXResourcesBuildPhase section */
		A186254B221C55F600745465 /* Resources */ = {
			isa = PBXResourcesBuildPhase;
			buildActionMask = 2147483647;
			files = (
				A186255B221C560100745465 /* LaunchScreen.storyboard in Resources */,
				A1862558221C560100745465 /* Assets.xcassets in Resources */,
				A1862556221C55F600745465 /* Main.storyboard in Resources */,
			);
			runOnlyForDeploymentPostprocessing = 0;
		};
/* End PBXResourcesBuildPhase section */

/* Begin PBXShellScriptBuildPhase section */
		0A265BDD98CE46F37BE4E45F /* [CP] Check Pods Manifest.lock */ = {
			isa = PBXShellScriptBuildPhase;
			buildActionMask = 2147483647;
			files = (
			);
			inputFileListPaths = (
			);
			inputPaths = (
				"${PODS_PODFILE_DIR_PATH}/Podfile.lock",
				"${PODS_ROOT}/Manifest.lock",
			);
			name = "[CP] Check Pods Manifest.lock";
			outputFileListPaths = (
			);
			outputPaths = (
				"$(DERIVED_FILE_DIR)/Pods-iTunes Search-checkManifestLockResult.txt",
			);
			runOnlyForDeploymentPostprocessing = 0;
			shellPath = /bin/sh;
			shellScript = "diff \"${PODS_PODFILE_DIR_PATH}/Podfile.lock\" \"${PODS_ROOT}/Manifest.lock\" > /dev/null\nif [ $? != 0 ] ; then\n    # print error to STDERR\n    echo \"error: The sandbox is not in sync with the Podfile.lock. Run 'pod install' or update your CocoaPods installation.\" >&2\n    exit 1\nfi\n# This output is used by Xcode 'outputs' to avoid re-running this script phase.\necho \"SUCCESS\" > \"${SCRIPT_OUTPUT_FILE_0}\"\n";
			showEnvVarsInLog = 0;
		};
		9FC4FC18452C0AC3F8F03EF9 /* [CP] Embed Pods Frameworks */ = {
			isa = PBXShellScriptBuildPhase;
			buildActionMask = 2147483647;
			files = (
			);
			inputFileListPaths = (
			);
			inputPaths = (
				"${SRCROOT}/Pods/Target Support Files/Pods-iTunes Search/Pods-iTunes Search-frameworks.sh",
				"${BUILT_PRODUCTS_DIR}/Alamofire/Alamofire.framework",
				"${BUILT_PRODUCTS_DIR}/AlamofireImage/AlamofireImage.framework",
				"${BUILT_PRODUCTS_DIR}/SwiftyJSON/SwiftyJSON.framework",
			);
			name = "[CP] Embed Pods Frameworks";
			outputFileListPaths = (
			);
			outputPaths = (
				"${TARGET_BUILD_DIR}/${FRAMEWORKS_FOLDER_PATH}/Alamofire.framework",
				"${TARGET_BUILD_DIR}/${FRAMEWORKS_FOLDER_PATH}/AlamofireImage.framework",
				"${TARGET_BUILD_DIR}/${FRAMEWORKS_FOLDER_PATH}/SwiftyJSON.framework",
			);
			runOnlyForDeploymentPostprocessing = 0;
			shellPath = /bin/sh;
			shellScript = "\"${SRCROOT}/Pods/Target Support Files/Pods-iTunes Search/Pods-iTunes Search-frameworks.sh\"\n";
			showEnvVarsInLog = 0;
		};
/* End PBXShellScriptBuildPhase section */

/* Begin PBXSourcesBuildPhase section */
		A1862549221C55F600745465 /* Sources */ = {
			isa = PBXSourcesBuildPhase;
			buildActionMask = 2147483647;
			files = (
				A1098B0D221C6316002E955B /* Course.swift in Sources */,
				A1862553221C55F600745465 /* SearchViewController.swift in Sources */,
				A1098B0F221C6599002E955B /* NetworkManager.swift in Sources */,
				A1862551221C55F600745465 /* AppDelegate.swift in Sources */,
				A1098B0B221C61F4002E955B /* CourseTableViewCell.swift in Sources */,
			);
			runOnlyForDeploymentPostprocessing = 0;
		};
/* End PBXSourcesBuildPhase section */

/* Begin PBXVariantGroup section */
		A1862554221C55F600745465 /* Main.storyboard */ = {
			isa = PBXVariantGroup;
			children = (
				A1862555221C55F600745465 /* Base */,
			);
			name = Main.storyboard;
			sourceTree = "<group>";
		};
		A1862559221C560100745465 /* LaunchScreen.storyboard */ = {
			isa = PBXVariantGroup;
			children = (
				A186255A221C560100745465 /* Base */,
			);
			name = LaunchScreen.storyboard;
			sourceTree = "<group>";
		};
/* End PBXVariantGroup section */

/* Begin XCBuildConfiguration section */
		A186255D221C560100745465 /* Debug */ = {
			isa = XCBuildConfiguration;
			buildSettings = {
				ALWAYS_SEARCH_USER_PATHS = NO;
				CLANG_ANALYZER_NONNULL = YES;
				CLANG_ANALYZER_NUMBER_OBJECT_CONVERSION = YES_AGGRESSIVE;
				CLANG_CXX_LANGUAGE_STANDARD = "gnu++14";
				CLANG_CXX_LIBRARY = "libc++";
				CLANG_ENABLE_MODULES = YES;
				CLANG_ENABLE_OBJC_ARC = YES;
				CLANG_ENABLE_OBJC_WEAK = YES;
				CLANG_WARN_BLOCK_CAPTURE_AUTORELEASING = YES;
				CLANG_WARN_BOOL_CONVERSION = YES;
				CLANG_WARN_COMMA = YES;
				CLANG_WARN_CONSTANT_CONVERSION = YES;
				CLANG_WARN_DEPRECATED_OBJC_IMPLEMENTATIONS = YES;
				CLANG_WARN_DIRECT_OBJC_ISA_USAGE = YES_ERROR;
				CLANG_WARN_DOCUMENTATION_COMMENTS = YES;
				CLANG_WARN_EMPTY_BODY = YES;
				CLANG_WARN_ENUM_CONVERSION = YES;
				CLANG_WARN_INFINITE_RECURSION = YES;
				CLANG_WARN_INT_CONVERSION = YES;
				CLANG_WARN_NON_LITERAL_NULL_CONVERSION = YES;
				CLANG_WARN_OBJC_IMPLICIT_RETAIN_SELF = YES;
				CLANG_WARN_OBJC_LITERAL_CONVERSION = YES;
				CLANG_WARN_OBJC_ROOT_CLASS = YES_ERROR;
				CLANG_WARN_RANGE_LOOP_ANALYSIS = YES;
				CLANG_WARN_STRICT_PROTOTYPES = YES;
				CLANG_WARN_SUSPICIOUS_MOVE = YES;
				CLANG_WARN_UNGUARDED_AVAILABILITY = YES_AGGRESSIVE;
				CLANG_WARN_UNREACHABLE_CODE = YES;
				CLANG_WARN__DUPLICATE_METHOD_MATCH = YES;
				CODE_SIGN_IDENTITY = "iPhone Developer";
				COPY_PHASE_STRIP = NO;
				DEBUG_INFORMATION_FORMAT = dwarf;
				ENABLE_STRICT_OBJC_MSGSEND = YES;
				ENABLE_TESTABILITY = YES;
				GCC_C_LANGUAGE_STANDARD = gnu11;
				GCC_DYNAMIC_NO_PIC = NO;
				GCC_NO_COMMON_BLOCKS = YES;
				GCC_OPTIMIZATION_LEVEL = 0;
				GCC_PREPROCESSOR_DEFINITIONS = (
					"DEBUG=1",
					"$(inherited)",
				);
				GCC_WARN_64_TO_32_BIT_CONVERSION = YES;
				GCC_WARN_ABOUT_RETURN_TYPE = YES_ERROR;
				GCC_WARN_UNDECLARED_SELECTOR = YES;
				GCC_WARN_UNINITIALIZED_AUTOS = YES_AGGRESSIVE;
				GCC_WARN_UNUSED_FUNCTION = YES;
				GCC_WARN_UNUSED_VARIABLE = YES;
				IPHONEOS_DEPLOYMENT_TARGET = 12.1;
				MTL_ENABLE_DEBUG_INFO = INCLUDE_SOURCE;
				MTL_FAST_MATH = YES;
				ONLY_ACTIVE_ARCH = YES;
				SDKROOT = iphoneos;
				SWIFT_ACTIVE_COMPILATION_CONDITIONS = DEBUG;
				SWIFT_OPTIMIZATION_LEVEL = "-Onone";
			};
			name = Debug;
		};
		A186255E221C560100745465 /* Release */ = {
			isa = XCBuildConfiguration;
			buildSettings = {
				ALWAYS_SEARCH_USER_PATHS = NO;
				CLANG_ANALYZER_NONNULL = YES;
				CLANG_ANALYZER_NUMBER_OBJECT_CONVERSION = YES_AGGRESSIVE;
				CLANG_CXX_LANGUAGE_STANDARD = "gnu++14";
				CLANG_CXX_LIBRARY = "libc++";
				CLANG_ENABLE_MODULES = YES;
				CLANG_ENABLE_OBJC_ARC = YES;
				CLANG_ENABLE_OBJC_WEAK = YES;
				CLANG_WARN_BLOCK_CAPTURE_AUTORELEASING = YES;
				CLANG_WARN_BOOL_CONVERSION = YES;
				CLANG_WARN_COMMA = YES;
				CLANG_WARN_CONSTANT_CONVERSION = YES;
				CLANG_WARN_DEPRECATED_OBJC_IMPLEMENTATIONS = YES;
				CLANG_WARN_DIRECT_OBJC_ISA_USAGE = YES_ERROR;
				CLANG_WARN_DOCUMENTATION_COMMENTS = YES;
				CLANG_WARN_EMPTY_BODY = YES;
				CLANG_WARN_ENUM_CONVERSION = YES;
				CLANG_WARN_INFINITE_RECURSION = YES;
				CLANG_WARN_INT_CONVERSION = YES;
				CLANG_WARN_NON_LITERAL_NULL_CONVERSION = YES;
				CLANG_WARN_OBJC_IMPLICIT_RETAIN_SELF = YES;
				CLANG_WARN_OBJC_LITERAL_CONVERSION = YES;
				CLANG_WARN_OBJC_ROOT_CLASS = YES_ERROR;
				CLANG_WARN_RANGE_LOOP_ANALYSIS = YES;
				CLANG_WARN_STRICT_PROTOTYPES = YES;
				CLANG_WARN_SUSPICIOUS_MOVE = YES;
				CLANG_WARN_UNGUARDED_AVAILABILITY = YES_AGGRESSIVE;
				CLANG_WARN_UNREACHABLE_CODE = YES;
				CLANG_WARN__DUPLICATE_METHOD_MATCH = YES;
				CODE_SIGN_IDENTITY = "iPhone Developer";
				COPY_PHASE_STRIP = NO;
				DEBUG_INFORMATION_FORMAT = "dwarf-with-dsym";
				ENABLE_NS_ASSERTIONS = NO;
				ENABLE_STRICT_OBJC_MSGSEND = YES;
				GCC_C_LANGUAGE_STANDARD = gnu11;
				GCC_NO_COMMON_BLOCKS = YES;
				GCC_WARN_64_TO_32_BIT_CONVERSION = YES;
				GCC_WARN_ABOUT_RETURN_TYPE = YES_ERROR;
				GCC_WARN_UNDECLARED_SELECTOR = YES;
				GCC_WARN_UNINITIALIZED_AUTOS = YES_AGGRESSIVE;
				GCC_WARN_UNUSED_FUNCTION = YES;
				GCC_WARN_UNUSED_VARIABLE = YES;
				IPHONEOS_DEPLOYMENT_TARGET = 12.1;
				MTL_ENABLE_DEBUG_INFO = NO;
				MTL_FAST_MATH = YES;
				SDKROOT = iphoneos;
				SWIFT_COMPILATION_MODE = wholemodule;
				SWIFT_OPTIMIZATION_LEVEL = "-O";
				VALIDATE_PRODUCT = YES;
			};
			name = Release;
		};
		A1862560221C560100745465 /* Debug */ = {
			isa = XCBuildConfiguration;
			baseConfigurationReference = 489F00563E9E20F539930A59 /* Pods-iTunes Search.debug.xcconfig */;
			buildSettings = {
				ASSETCATALOG_COMPILER_APPICON_NAME = AppIcon;
				CODE_SIGN_STYLE = Automatic;
				INFOPLIST_FILE = "iTunes Search/Info.plist";
				LD_RUNPATH_SEARCH_PATHS = (
					"$(inherited)",
					"@executable_path/Frameworks",
				);
				PRODUCT_BUNDLE_IDENTIFIER = "devsloop.iTunes-Search";
				PRODUCT_NAME = "$(TARGET_NAME)";
				SWIFT_VERSION = 4.2;
				TARGETED_DEVICE_FAMILY = "1,2";
			};
			name = Debug;
		};
		A1862561221C560100745465 /* Release */ = {
			isa = XCBuildConfiguration;
			baseConfigurationReference = EC8EB0D045775A7D5E8672E9 /* Pods-iTunes Search.release.xcconfig */;
			buildSettings = {
				ASSETCATALOG_COMPILER_APPICON_NAME = AppIcon;
				CODE_SIGN_STYLE = Automatic;
				INFOPLIST_FILE = "iTunes Search/Info.plist";
				LD_RUNPATH_SEARCH_PATHS = (
					"$(inherited)",
					"@executable_path/Frameworks",
				);
				PRODUCT_BUNDLE_IDENTIFIER = "devsloop.iTunes-Search";
				PRODUCT_NAME = "$(TARGET_NAME)";
				SWIFT_VERSION = 4.2;
				TARGETED_DEVICE_FAMILY = "1,2";
			};
			name = Release;
		};
/* End XCBuildConfiguration section */

/* Begin XCConfigurationList section */
		A1862548221C55F600745465 /* Build configuration list for PBXProject "iTunes Search" */ = {
			isa = XCConfigurationList;
			buildConfigurations = (
				A186255D221C560100745465 /* Debug */,
				A186255E221C560100745465 /* Release */,
			);
			defaultConfigurationIsVisible = 0;
			defaultConfigurationName = Release;
		};
		A186255F221C560100745465 /* Build configuration list for PBXNativeTarget "iTunes Search" */ = {
			isa = XCConfigurationList;
			buildConfigurations = (
				A1862560221C560100745465 /* Debug */,
				A1862561221C560100745465 /* Release */,
			);
			defaultConfigurationIsVisible = 0;
			defaultConfigurationName = Release;
		};
/* End XCConfigurationList section */
	};
	rootObject = A1862545221C55F600745465 /* Project object */;
}
